
Microsoft Visual Studio Solution File, Format Version 12.00
# Visual Studio Version 17
VisualStudioVersion = 17.9.34723.18
MinimumVisualStudioVersion = 10.0.40219.1
Project("{FAE04EC0-301F-11D3-BF4B-00C04F79EFBC}") = "02-Abstração", "02-Abstração\02-Abstração.csproj", "{7DE1941B-D7AA-4A56-A687-29A093C5A979}"
EndProject
Global
	GlobalSection(SolutionConfigurationPlatforms) = preSolution
		Debug|Any CPU = Debug|Any CPU
		Release|Any CPU = Release|Any CPU
	EndGlobalSection
	GlobalSection(ProjectConfigurationPlatforms) = postSolution
		{7DE1941B-D7AA-4A56-A687-29A093C5A979}.Debug|Any CPU.ActiveCfg = Debug|Any CPU
		{7DE1941B-D7AA-4A56-A687-29A093C5A979}.Debug|Any CPU.Build.0 = Debug|Any CPU
		{7DE1941B-D7AA-4A56-A687-29A093C5A979}.Release|Any CPU.ActiveCfg = Release|Any CPU
		{7DE1941B-D7AA-4A56-A687-29A093C5A979}.Release|Any CPU.Build.0 = Release|Any CPU
	EndGlobalSection
	GlobalSection(SolutionProperties) = preSolution
		HideSolutionNode = FALSE
	EndGlobalSection
	GlobalSection(ExtensibilityGlobals) = postSolution
		SolutionGuid = {197C9649-834C-420F-87CA-FEEE904047D0}
	EndGlobalSection
EndGlobal
